
Microsoft Visual Studio Solution File, Format Version 12.00
# Visual Studio Version 17
VisualStudioVersion = 17.8.34309.116
MinimumVisualStudioVersion = 10.0.40219.1
Project("{FAE04EC0-301F-11D3-BF4B-00C04F79EFBC}") = "pjCuentaBancaria", "pjCuentaBancaria\pjCuentaBancaria.csproj", "{5BB2456B-7BD0-4B47-AC64-8553C5B54BD2}"
EndProject
Project("{FAE04EC0-301F-11D3-BF4B-00C04F79EFBC}") = "TestBanco", "TestBanco\TestBanco.csproj", "{D3085C72-737D-4262-BBC8-530399EAFE8A}"
EndProject
Global
	GlobalSection(SolutionConfigurationPlatforms) = preSolution
		Debug|Any CPU = Debug|Any CPU
		Release|Any CPU = Release|Any CPU
	EndGlobalSection
	GlobalSection(ProjectConfigurationPlatforms) = postSolution
		{5BB2456B-7BD0-4B47-AC64-8553C5B54BD2}.Debug|Any CPU.ActiveCfg = Debug|Any CPU
		{5BB2456B-7BD0-4B47-AC64-8553C5B54BD2}.Debug|Any CPU.Build.0 = Debug|Any CPU
		{5BB2456B-7BD0-4B47-AC64-8553C5B54BD2}.Release|Any CPU.ActiveCfg = Release|Any CPU
		{5BB2456B-7BD0-4B47-AC64-8553C5B54BD2}.Release|Any CPU.Build.0 = Release|Any CPU
		{D3085C72-737D-4262-BBC8-530399EAFE8A}.Debug|Any CPU.ActiveCfg = Debug|Any CPU
		{D3085C72-737D-4262-BBC8-530399EAFE8A}.Debug|Any CPU.Build.0 = Debug|Any CPU
		{D3085C72-737D-4262-BBC8-530399EAFE8A}.Release|Any CPU.ActiveCfg = Release|Any CPU
		{D3085C72-737D-4262-BBC8-530399EAFE8A}.Release|Any CPU.Build.0 = Release|Any CPU
	EndGlobalSection
	GlobalSection(SolutionProperties) = preSolution
		HideSolutionNode = FALSE
	EndGlobalSection
	GlobalSection(ExtensibilityGlobals) = postSolution
		SolutionGuid = {A25B8951-08A7-486B-AE7E-A743D976BDA4}
	EndGlobalSection
EndGlobal
